
Microsoft Visual Studio Solution File, Format Version 12.00
# Visual Studio Version 17
VisualStudioVersion = 17.7.34221.43
MinimumVisualStudioVersion = 10.0.40219.1
Project("{FAE04EC0-301F-11D3-BF4B-00C04F79EFBC}") = "MVC", "MVC\MVC.csproj", "{9E3C1E51-776D-4DE2-91EA-BB3481FF34FD}"
EndProject
Project("{FAE04EC0-301F-11D3-BF4B-00C04F79EFBC}") = "Service", "Service\Service.csproj", "{B39C5956-4B34-4BDD-BFB8-2C741651C9A1}"
EndProject
Global
	GlobalSection(SolutionConfigurationPlatforms) = preSolution
		Debug|Any CPU = Debug|Any CPU
		Release|Any CPU = Release|Any CPU
	EndGlobalSection
	GlobalSection(ProjectConfigurationPlatforms) = postSolution
		{9E3C1E51-776D-4DE2-91EA-BB3481FF34FD}.Debug|Any CPU.ActiveCfg = Debug|Any CPU
		{9E3C1E51-776D-4DE2-91EA-BB3481FF34FD}.Debug|Any CPU.Build.0 = Debug|Any CPU
		{9E3C1E51-776D-4DE2-91EA-BB3481FF34FD}.Release|Any CPU.ActiveCfg = Release|Any CPU
		{9E3C1E51-776D-4DE2-91EA-BB3481FF34FD}.Release|Any CPU.Build.0 = Release|Any CPU
		{B39C5956-4B34-4BDD-BFB8-2C741651C9A1}.Debug|Any CPU.ActiveCfg = Debug|Any CPU
		{B39C5956-4B34-4BDD-BFB8-2C741651C9A1}.Debug|Any CPU.Build.0 = Debug|Any CPU
		{B39C5956-4B34-4BDD-BFB8-2C741651C9A1}.Release|Any CPU.ActiveCfg = Release|Any CPU
		{B39C5956-4B34-4BDD-BFB8-2C741651C9A1}.Release|Any CPU.Build.0 = Release|Any CPU
	EndGlobalSection
	GlobalSection(SolutionProperties) = preSolution
		HideSolutionNode = FALSE
	EndGlobalSection
	GlobalSection(ExtensibilityGlobals) = postSolution
		SolutionGuid = {CAF36BE1-70E5-47D5-98D4-366DB3306D0B}
	EndGlobalSection
EndGlobal
